Microsoft Visual Studio Solution File, Format Version 12.00
# Visual Studio 15
VisualStudioVersion = 15.0.27130.2036
MinimumVisualStudioVersion = 10.0.40219.1
Project("{FAE04EC0-301F-11D3-BF4B-00C04F79EFBC}") = "kernel", "src\assembly.kernel\kernel.csproj", "{2925251D-96CC-4A66-8AC6-2B4D39DFD399}"
EndProject
Project("{FAE04EC0-301F-11D3-BF4B-00C04F79EFBC}") = "kernel_tests", "test\assembly.kernel.tests\kernel_tests.csproj", "{3E7D4EDD-ED89-4DDA-9E84-01364C00FB59}"
EndProject
Project("{2150E333-8FDC-42A3-9474-1A3956D46DE8}") = "src", "src", "{519B2F97-C2AE-495D-B432-A32250D41182}"
EndProject
Project("{2150E333-8FDC-42A3-9474-1A3956D46DE8}") = "test", "test", "{DD370CA0-AD63-423F-9458-26C420B2E29F}"
EndProject
Project("{FAE04EC0-301F-11D3-BF4B-00C04F79EFBC}") = "assembly.kernel.acceptance.tests.data", "test\assembly.kernel.acceptance.tests.data\assembly.kernel.acceptance.tests.data.csproj", "{AE6EE545-D958-4F8F-BA37-50BE961A0348}"
EndProject
Global
	GlobalSection(SolutionConfigurationPlatforms) = preSolution
		Debug|Any CPU = Debug|Any CPU
		Debug|x86 = Debug|x86
		Release|Any CPU = Release|Any CPU
		Release|x86 = Release|x86
	EndGlobalSection
	GlobalSection(ProjectConfigurationPlatforms) = postSolution
		{2925251D-96CC-4A66-8AC6-2B4D39DFD399}.Debug|Any CPU.ActiveCfg = Debug|x86
		{2925251D-96CC-4A66-8AC6-2B4D39DFD399}.Debug|x86.ActiveCfg = Debug|x86
		{2925251D-96CC-4A66-8AC6-2B4D39DFD399}.Debug|x86.Build.0 = Debug|x86
		{2925251D-96CC-4A66-8AC6-2B4D39DFD399}.Release|Any CPU.ActiveCfg = Release|x86
		{2925251D-96CC-4A66-8AC6-2B4D39DFD399}.Release|x86.ActiveCfg = Release|x86
		{2925251D-96CC-4A66-8AC6-2B4D39DFD399}.Release|x86.Build.0 = Release|x86
		{3E7D4EDD-ED89-4DDA-9E84-01364C00FB59}.Debug|Any CPU.ActiveCfg = Debug|x86
		{3E7D4EDD-ED89-4DDA-9E84-01364C00FB59}.Debug|x86.ActiveCfg = Debug|x86
		{3E7D4EDD-ED89-4DDA-9E84-01364C00FB59}.Debug|x86.Build.0 = Debug|x86
		{3E7D4EDD-ED89-4DDA-9E84-01364C00FB59}.Release|Any CPU.ActiveCfg = Release|x86
		{3E7D4EDD-ED89-4DDA-9E84-01364C00FB59}.Release|x86.ActiveCfg = Release|x86
		{3E7D4EDD-ED89-4DDA-9E84-01364C00FB59}.Release|x86.Build.0 = Release|x86
		{AE6EE545-D958-4F8F-BA37-50BE961A0348}.Debug|Any CPU.ActiveCfg = Debug|Any CPU
		{AE6EE545-D958-4F8F-BA37-50BE961A0348}.Debug|Any CPU.Build.0 = Debug|Any CPU
		{AE6EE545-D958-4F8F-BA37-50BE961A0348}.Debug|x86.ActiveCfg = Debug|Any CPU
		{AE6EE545-D958-4F8F-BA37-50BE961A0348}.Debug|x86.Build.0 = Debug|Any CPU
		{AE6EE545-D958-4F8F-BA37-50BE961A0348}.Release|Any CPU.ActiveCfg = Release|Any CPU
		{AE6EE545-D958-4F8F-BA37-50BE961A0348}.Release|Any CPU.Build.0 = Release|Any CPU
		{AE6EE545-D958-4F8F-BA37-50BE961A0348}.Release|x86.ActiveCfg = Release|Any CPU
		{AE6EE545-D958-4F8F-BA37-50BE961A0348}.Release|x86.Build.0 = Release|Any CPU
	EndGlobalSection
	GlobalSection(SolutionProperties) = preSolution
		HideSolutionNode = FALSE
	EndGlobalSection
	GlobalSection(NestedProjects) = preSolution
		{2925251D-96CC-4A66-8AC6-2B4D39DFD399} = {519B2F97-C2AE-495D-B432-A32250D41182}
		{3E7D4EDD-ED89-4DDA-9E84-01364C00FB59} = {DD370CA0-AD63-423F-9458-26C420B2E29F}
		{AE6EE545-D958-4F8F-BA37-50BE961A0348} = {DD370CA0-AD63-423F-9458-26C420B2E29F}
	EndGlobalSection
	GlobalSection(ExtensibilityGlobals) = postSolution
		SolutionGuid = {82191FC9-A15C-4F5D-9FAB-62F1ACB237F0}
	EndGlobalSection
EndGlobal
