Microsoft Visual Studio Solution File, Format Version 12.00
# Visual Studio 15
VisualStudioVersion = 15.0.27130.2036
MinimumVisualStudioVersion = 10.0.40219.1
Project("{FAE04EC0-301F-11D3-BF4B-00C04F79EFBC}") = "Assembly.Kernel", "src\assembly.kernel\Assembly.Kernel.csproj", "{2925251D-96CC-4A66-8AC6-2B4D39DFD399}"
EndProject
Project("{FAE04EC0-301F-11D3-BF4B-00C04F79EFBC}") = "Assembly.Kernel.Test", "test\Assembly.Kernel.Test\Assembly.Kernel.Test.csproj", "{3E7D4EDD-ED89-4DDA-9E84-01364C00FB59}"
EndProject
Project("{2150E333-8FDC-42A3-9474-1A3956D46DE8}") = "src", "src", "{519B2F97-C2AE-495D-B432-A32250D41182}"
EndProject
Project("{2150E333-8FDC-42A3-9474-1A3956D46DE8}") = "test", "test", "{DD370CA0-AD63-423F-9458-26C420B2E29F}"
EndProject
Project("{2150E333-8FDC-42A3-9474-1A3956D46DE8}") = "benchmarktests", "benchmarktests", "{9F17BCA6-F071-4728-A523-35B3021FA241}"
EndProject
Project("{FAE04EC0-301F-11D3-BF4B-00C04F79EFBC}") = "Assembly.Kernel.Acceptance.Test", "benchmarktests\Assembly.Kernel.Acceptance.Test\Assembly.Kernel.Acceptance.Test.csproj", "{08148E6E-5DCF-46CA-9B90-24BCD958ED1A}"
EndProject
Project("{FAE04EC0-301F-11D3-BF4B-00C04F79EFBC}") = "Assembly.Kernel.Acceptance.TestUtil", "benchmarktests\Assembly.Kernel.Acceptance.TestUtil\Assembly.Kernel.Acceptance.TestUtil.csproj", "{AE6EE545-D958-4F8F-BA37-50BE961A0348}"
EndProject
Global
	GlobalSection(SolutionConfigurationPlatforms) = preSolution
		Debug|x86 = Debug|x86
		Release|x86 = Release|x86
	EndGlobalSection
	GlobalSection(ProjectConfigurationPlatforms) = postSolution
		{2925251D-96CC-4A66-8AC6-2B4D39DFD399}.Debug|x86.ActiveCfg = Debug|x86
		{2925251D-96CC-4A66-8AC6-2B4D39DFD399}.Debug|x86.Build.0 = Debug|x86
		{2925251D-96CC-4A66-8AC6-2B4D39DFD399}.Release|x86.ActiveCfg = Release|x86
		{2925251D-96CC-4A66-8AC6-2B4D39DFD399}.Release|x86.Build.0 = Release|x86
		{3E7D4EDD-ED89-4DDA-9E84-01364C00FB59}.Debug|x86.ActiveCfg = Debug|x86
		{3E7D4EDD-ED89-4DDA-9E84-01364C00FB59}.Debug|x86.Build.0 = Debug|x86
		{3E7D4EDD-ED89-4DDA-9E84-01364C00FB59}.Release|x86.ActiveCfg = Release|x86
		{3E7D4EDD-ED89-4DDA-9E84-01364C00FB59}.Release|x86.Build.0 = Release|x86
		{08148E6E-5DCF-46CA-9B90-24BCD958ED1A}.Debug|x86.ActiveCfg = Debug|x86
		{08148E6E-5DCF-46CA-9B90-24BCD958ED1A}.Debug|x86.Build.0 = Debug|x86
		{08148E6E-5DCF-46CA-9B90-24BCD958ED1A}.Release|x86.ActiveCfg = Release|x86
		{08148E6E-5DCF-46CA-9B90-24BCD958ED1A}.Release|x86.Build.0 = Release|x86
		{AE6EE545-D958-4F8F-BA37-50BE961A0348}.Debug|x86.ActiveCfg = Debug|x86
		{AE6EE545-D958-4F8F-BA37-50BE961A0348}.Debug|x86.Build.0 = Debug|x86
		{AE6EE545-D958-4F8F-BA37-50BE961A0348}.Release|x86.ActiveCfg = Release|x86
		{AE6EE545-D958-4F8F-BA37-50BE961A0348}.Release|x86.Build.0 = Release|x86
	EndGlobalSection
	GlobalSection(SolutionProperties) = preSolution
		HideSolutionNode = FALSE
	EndGlobalSection
	GlobalSection(NestedProjects) = preSolution
		{2925251D-96CC-4A66-8AC6-2B4D39DFD399} = {519B2F97-C2AE-495D-B432-A32250D41182}
		{3E7D4EDD-ED89-4DDA-9E84-01364C00FB59} = {DD370CA0-AD63-423F-9458-26C420B2E29F}
		{08148E6E-5DCF-46CA-9B90-24BCD958ED1A} = {9F17BCA6-F071-4728-A523-35B3021FA241}
		{AE6EE545-D958-4F8F-BA37-50BE961A0348} = {9F17BCA6-F071-4728-A523-35B3021FA241}
	EndGlobalSection
	GlobalSection(ExtensibilityGlobals) = postSolution
		SolutionGuid = {82191FC9-A15C-4F5D-9FAB-62F1ACB237F0}
	EndGlobalSection
EndGlobal
